[{
  "_id": {
    "$oid": "671e03d711570cc4db650953"
  },
  "name": "Pain Relief Tablets",
  "thumbnail": "https://i.ibb.co.com/Jd7JWVk/Pain-Relief-Tablets-removebg-preview-min.png",
  "price": 20.99,
  "discount": {
    "discountStatus": true,
    "percentage": 10,
    "discountPrice": 18.89,
    "startDate": "2024-10-01",
    "endDate": "2024-12-01",
    "startTime": "08:00",
    "endTime": "20:00",
    "_id": {
      "$oid": "67e29490c05181b58310d647"
    }
  },
  "stockStatus": true,
  "category": {
    "$oid": "671dedca1853a24619a9f989"
  },
  "manufacturer": {
    "$oid": "66ced4f472ea9723962dca78"
  },
  "rating": 0,
  "isDeleted": false,
  "__v": 0
},
{
  "_id": {
    "$oid": "671e040511570cc4db65095c"
  },
  "name": "Antibiotic Capsules",
  "thumbnail": "https://i.ibb.co.com/JC9xKz4/n73-MQlq-Oru27dy-Kgo-FDa-XKn-YHavq-R6-Hronar1iok-removebg-preview-min.png",
  "price": 15.49,
  "discount": {
    "discountStatus": true,
    "percentage": 5,
    "discountPrice": 14.72,
    "startDate": "2024-10-05",
    "endDate": "2024-11-15",
    "startTime": "09:00",
    "endTime": "18:00",
    "_id": {
      "$oid": "671e040511570cc4db65095d"
    }
  },
  "stockStatus": true,
  "category": {
    "$oid": "671dedca1853a24619a9f989"
  },
  "manufacturer": {
    "$oid": "66ced4f472ea9723962dca78"
  },
  "rating": 0,
  "isDeleted": false,
  "__v": 0
},
{
  "_id": {
    "$oid": "671e040f11570cc4db650965"
  },
  "name": "BP medication",
  "thumbnail": "https://i.ibb.co.com/McVNXyz/images-15-removebg-preview-min.png",
  "price": 35.75,
  "discount": {
    "discountStatus": true,
    "percentage": 15,
    "discountPrice": 30.39,
    "startDate": "2024-11-01",
    "endDate": "2024-12-31",
    "startTime": "10:00",
    "endTime": "17:00",
    "_id": {
      "$oid": "671e040f11570cc4db650966"
    }
  },
  "stockStatus": true,
  "category": {
    "$oid": "671dedca1853a24619a9f989"
  },
  "manufacturer": {
    "$oid": "66ced4f472ea9723962dca78"
  },
  "rating": 0,
  "isDeleted": false,
  "__v": 0
},
{
  "_id": {
    "$oid": "671e041811570cc4db65096e"
  },
  "name": "Cholesterol Tablets",
  "thumbnail": "https://i.ibb.co.com/Yjh83X6/images-16-removebg-preview-min.png",
  "price": 28,
  "discount": {
    "discountStatus": true,
    "percentage": 20,
    "discountPrice": 22.4,
    "startDate": "2024-10-10",
    "endDate": "2024-12-10",
    "startTime": "09:30",
    "endTime": "18:30",
    "_id": {
      "$oid": "671e041811570cc4db65096f"
    }
  },
  "stockStatus": true,
  "category": {
    "$oid": "671dedca1853a24619a9f989"
  },
  "manufacturer": {
    "$oid": "66ced4f472ea9723962dca78"
  },
  "rating": 0,
  "isDeleted": false,
  "__v": 0
},
{
  "_id": {
    "$oid": "671e042411570cc4db650977"
  },
  "name": "Insulin Injection",
  "thumbnail": "https://i.ibb.co.com/m0zZbwc/images-17-removebg-preview-min.png",
  "price": 45.25,
  "discount": {
    "discountStatus": true,
    "percentage": 12,
    "discountPrice": 39.82,
    "startDate": "2024-11-15",
    "endDate": "2025-01-15",
    "startTime": "07:00",
    "endTime": "22:00",
    "_id": {
      "$oid": "671e042411570cc4db650978"
    }
  },
  "stockStatus": true,
  "category": {
    "$oid": "671dedca1853a24619a9f989"
  },
  "manufacturer": {
    "$oid": "66ced4f472ea9723962dca78"
  },
  "rating": 0,
  "isDeleted": false,
  "__v": 0
},
{
  "_id": {
    "$oid": "671e042d11570cc4db650980"
  },
  "name": "Cough Syrup",
  "thumbnail": "https://i.ibb.co.com/GPMBn5h/dabur-honitus-cough-syrup-100ml-removebg-preview-min.png",
  "price": 12.3,
  "discount": {
    "discountStatus": true,
    "percentage": 8,
    "discountPrice": 11.32,
    "startDate": "2024-10-15",
    "endDate": "2024-11-30",
    "startTime": "08:00",
    "endTime": "18:00",
    "_id": {
      "$oid": "671e042d11570cc4db650981"
    }
  },
  "stockStatus": true,
  "category": {
    "$oid": "671dedca1853a24619a9f989"
  },
  "manufacturer": {
    "$oid": "66ced4f472ea9723962dca78"
  },
  "rating": 0,
  "isDeleted": false,
  "__v": 0
},
{
  "_id": {
    "$oid": "671e043711570cc4db650989"
  },
  "name": "Allergy Relief Spray",
  "thumbnail": "https://i.ibb.co.com/T8FFXvm/images-19-removebg-preview-min.png",
  "price": 22.99,
  "discount": {
    "discountStatus": true,
    "percentage": 10,
    "discountPrice": 20.69,
    "startDate": "2024-10-01",
    "endDate": "2024-12-01",
    "startTime": "08:00",
    "endTime": "20:00",
    "_id": {
      "$oid": "671e043711570cc4db65098a"
    }
  },
  "stockStatus": true,
  "category": {
    "$oid": "671dedca1853a24619a9f989"
  },
  "manufacturer": {
    "$oid": "66ced4f472ea9723962dca78"
  },
  "rating": 0,
  "isDeleted": false,
  "__v": 0
},
{
  "_id": {
    "$oid": "671e044011570cc4db650992"
  },
  "name": "Vitamins and Minerals Supplement",
  "thumbnail": "https://i.ibb.co.com/Cv75ncv/71pmmpaxbys-sl1080-500x500-removebg-preview-min.png",
  "price": 18.99,
  "discount": {
    "discountStatus": true,
    "percentage": 10,
    "discountPrice": 17.09,
    "startDate": "2024-10-20",
    "endDate": "2024-11-30",
    "startTime": "09:00",
    "endTime": "18:00",
    "_id": {
      "$oid": "671e044011570cc4db650993"
    }
  },
  "stockStatus": true,
  "category": {
    "$oid": "671dedca1853a24619a9f989"
  },
  "manufacturer": {
    "$oid": "66ced4f472ea9723962dca78"
  },
  "rating": 0,
  "isDeleted": false,
  "__v": 0
},
{
  "_id": {
    "$oid": "671e044a11570cc4db65099b"
  },
  "name": "Digestive Enzymes",
  "thumbnail": "https://i.ibb.co.com/tC60GQD/images-18-removebg-preview-min.png",
  "price": 25.5,
  "discount": {
    "discountStatus": true,
    "percentage": 5,
    "discountPrice": 24.23,
    "startDate": "2024-10-10",
    "endDate": "2024-11-15",
    "startTime": "10:00",
    "endTime": "17:00",
    "_id": {
      "$oid": "671e044a11570cc4db65099c"
    }
  },
  "stockStatus": true,
  "category": {
    "$oid": "671dedca1853a24619a9f989"
  },
  "manufacturer": {
    "$oid": "66ced4f472ea9723962dca78"
  },
  "rating": 0,
  "isDeleted": false,
  "__v": 0
},
{
  "_id": {
    "$oid": "671e045711570cc4db6509a4"
  },
  "name": "Probiotic Capsules",
  "thumbnail": "https://i.ibb.co.com/CzTCwRp/pre-and-probiotic-capsule-500x500-removebg-preview-min.png",
  "price": 29.99,
  "discount": {
    "discountStatus": true,
    "percentage": 15,
    "discountPrice": 25.49,
    "startDate": "2024-11-01",
    "endDate": "2024-12-31",
    "startTime": "08:00",
    "endTime": "20:00",
    "_id": {
      "$oid": "671e045711570cc4db6509a5"
    }
  },
  "stockStatus": true,
  "category": {
    "$oid": "671dedca1853a24619a9f989"
  },
  "manufacturer": {
    "$oid": "66ced4f472ea9723962dca78"
  },
  "rating": 0,
  "isDeleted": false,
  "__v": 0
},
{
  "_id": {
    "$oid": "671f78a7ce65ccb69c884cd3"
  },
  "name": "Baby Swaddle Blanket",
  "thumbnail": "https://i.ibb.co.com/DYx3zPZ/images-20-min.jpg",
  "price": 25.99,
  "discount": {
    "discountStatus": true,
    "percentage": 10,
    "discountPrice": 23.39,
    "startDate": "2024-10-01",
    "endDate": "2024-10-15",
    "startTime": "08:00",
    "endTime": "23:59",
    "_id": {
      "$oid": "671f78a7ce65ccb69c884cd4"
    }
  },
  "stockStatus": true,
  "category": {
    "$oid": "671dedca1853a24619a9f98f"
  },
  "manufacturer": {
    "$oid": "66ced50a72ea9723962dca7a"
  },
  "rating": 0,
  "isDeleted": false,
  "__v": 0
},
{
  "_id": {
    "$oid": "671f78b5ce65ccb69c884cdc"
  },
  "name": "Organic Baby Lotion",
  "thumbnail": "https://i.ibb.co.com/WxSB7Cb/rhhps8-removebg-preview-min.png",
  "price": 15.49,
  "discount": {
    "discountStatus": true,
    "percentage": 5,
    "discountPrice": 14.72,
    "startDate": "2024-10-10",
    "endDate": "2024-10-20",
    "startTime": "09:00",
    "endTime": "21:00",
    "_id": {
      "$oid": "671f78b5ce65ccb69c884cdd"
    }
  },
  "stockStatus": true,
  "category": {
    "$oid": "671dedca1853a24619a9f98f"
  },
  "manufacturer": {
    "$oid": "66ced50a72ea9723962dca7a"
  },
  "rating": 0,
  "isDeleted": false,
  "__v": 0
},
{
  "_id": {
    "$oid": "671f78c2ce65ccb69c884ce5"
  },
  "name": "Baby Bottle Set",
  "thumbnail": "https://i.ibb.co.com/gTzFPC6/mam-welcome-to-the-world-giftset-2022-1325-better-together-uni3-main-96dpi-removebg-preview-min.png",
  "price": 32.75,
  "discount": {
    "discountStatus": true,
    "percentage": 15,
    "discountPrice": 27.84,
    "startDate": "2024-10-05",
    "endDate": "2024-10-15",
    "startTime": "00:00",
    "endTime": "23:59",
    "_id": {
      "$oid": "671f78c2ce65ccb69c884ce6"
    }
  },
  "stockStatus": true,
  "category": {
    "$oid": "671dedca1853a24619a9f98f"
  },
  "manufacturer": {
    "$oid": "66ced50a72ea9723962dca7a"
  },
  "rating": 0,
  "isDeleted": false,
  "__v": 0
},
{
  "_id": {
    "$oid": "671f78cfce65ccb69c884cee"
  },
  "name": "Baby Diaper Bag",
  "thumbnail": "https://i.ibb.co.com/c6rqTKH/290669-1-1-removebg-preview-min.png",
  "price": 45,
  "discount": {
    "discountStatus": true,
    "percentage": 0,
    "discountPrice": 0,
    "startDate": "2024-10-10",
    "endDate": "2024-10-30",
    "startTime": "07:00",
    "endTime": "22:00",
    "_id": {
      "$oid": "671f78cfce65ccb69c884cef"
    }
  },
  "stockStatus": true,
  "category": {
    "$oid": "671dedca1853a24619a9f98f"
  },
  "manufacturer": {
    "$oid": "66ced50a72ea9723962dca7a"
  },
  "rating": 0,
  "isDeleted": false,
  "__v": 0
},
{
  "_id": {
    "$oid": "671f78dbce65ccb69c884cf7"
  },
  "name": "Baby Shampoo",
  "thumbnail": "https://i.ibb.co.com/TPzYK8Z/5702142-608a972e-6229-4806-8083-c4893424c80f-removebg-preview-min.png",
  "price": 8.99,
  "discount": {
    "discountStatus": true,
    "percentage": 20,
    "discountPrice": 7.19,
    "startDate": "2024-10-12",
    "endDate": "2024-10-20",
    "startTime": "08:00",
    "endTime": "20:00",
    "_id": {
      "$oid": "671f78dbce65ccb69c884cf8"
    }
  },
  "stockStatus": true,
  "category": {
    "$oid": "671dedca1853a24619a9f98f"
  },
  "manufacturer": {
    "$oid": "66ced50a72ea9723962dca7a"
  },
  "rating": 0,
  "isDeleted": false,
  "__v": 0
},
{
  "_id": {
    "$oid": "671f78e9ce65ccb69c884d00"
  },
  "name": "Baby Teething Toy",
  "thumbnail": "https://i.ibb.co.com/bsbf0b8/toys-removebg-preview-min.png",
  "price": 12.5,
  "discount": {
    "discountStatus": true,
    "percentage": 10,
    "discountPrice": 11.25,
    "startDate": "2024-10-08",
    "endDate": "2024-10-18",
    "startTime": "06:00",
    "endTime": "22:00",
    "_id": {
      "$oid": "671f78e9ce65ccb69c884d01"
    }
  },
  "stockStatus": true,
  "category": {
    "$oid": "671dedca1853a24619a9f98f"
  },
  "manufacturer": {
    "$oid": "66ced50a72ea9723962dca7a"
  },
  "rating": 0,
  "isDeleted": false,
  "__v": 0
},
{
  "_id": {
    "$oid": "671f7c28ce65ccb69c884d1b"
  },
  "name": "Emergency Burn Gel",
  "thumbnail": "https://i.ibb.co.com/1Kjt2jy/s-l1600-48554-removebg-preview-min.png",
  "price": 8.99,
  "discount": {
    "discountStatus": true,
    "percentage": 5,
    "discountPrice": 8.54,
    "startDate": "2024-10-15",
    "endDate": "2024-11-15",
    "startTime": "09:00",
    "endTime": "21:00",
    "_id": {
      "$oid": "671f7c28ce65ccb69c884d1c"
    }
  },
  "stockStatus": true,
  "category": {
    "$oid": "671dedca1853a24619a9f990"
  },
  "manufacturer": {
    "$oid": "66ced50a72ea9723962dca7a"
  },
  "rating": 0,
  "isDeleted": false,
  "__v": 0
},
{
  "_id": {
    "$oid": "671f7c36ce65ccb69c884d24"
  },
  "name": "Antiseptic Wipes Pack",
  "thumbnail": "https://i.ibb.co.com/JCPcBbJ/FAOH307-large-2x-removebg-preview-min.png",
  "price": 5.49,
  "discount": {
    "discountStatus": true,
    "percentage": 10,
    "discountPrice": 4.94,
    "startDate": "2024-10-10",
    "endDate": "2024-11-10",
    "startTime": "08:00",
    "endTime": "20:00",
    "_id": {
      "$oid": "671f7c36ce65ccb69c884d25"
    }
  },
  "stockStatus": true,
  "category": {
    "$oid": "671dedca1853a24619a9f990"
  },
  "manufacturer": {
    "$oid": "66ced50a72ea9723962dca7a"
  },
  "rating": 0,
  "isDeleted": false,
  "__v": 0
},
{
  "_id": {
    "$oid": "671f7c41ce65ccb69c884d2d"
  },
  "name": "First Aid Bandage Roll",
  "thumbnail": "https://i.ibb.co.com/dMq52Tv/61boxd4fo-LL-AC-SL1500-removebg-preview-min.png",
  "price": 4.75,
  "discount": {
    "discountStatus": true,
    "percentage": 0,
    "discountPrice": 0,
    "startDate": "2024-10-12",
    "endDate": "2024-11-20",
    "startTime": "07:00",
    "endTime": "19:00",
    "_id": {
      "$oid": "671f7c41ce65ccb69c884d2e"
    }
  },
  "stockStatus": true,
  "category": {
    "$oid": "671dedca1853a24619a9f990"
  },
  "manufacturer": {
    "$oid": "66ced50a72ea9723962dca7a"
  },
  "rating": 0,
  "isDeleted": false,
  "__v": 0
},
{
  "_id": {
    "$oid": "671f7c50ce65ccb69c884d36"
  },
  "name": "Sterile Gauze Pads",
  "thumbnail": "https://i.ibb.co.com/YNyDtck/Sterile-Gauze-Pads-removebg-preview-removebg-preview-min.png",
  "price": 6.99,
  "discount": {
    "discountStatus": true,
    "percentage": 15,
    "discountPrice": 5.94,
    "startDate": "2024-10-20",
    "endDate": "2024-11-15",
    "startTime": "06:00",
    "endTime": "22:00",
    "_id": {
      "$oid": "671f7c50ce65ccb69c884d37"
    }
  },
  "stockStatus": true,
  "category": {
    "$oid": "671dedca1853a24619a9f990"
  },
  "manufacturer": {
    "$oid": "66ced50a72ea9723962dca7a"
  },
  "rating": 0,
  "isDeleted": false,
  "__v": 0
},
{
  "_id": {
    "$oid": "671f8789ce65ccb69c884d6c"
  },
  "name": "Facial Cleanser",
  "thumbnail": "https://i.ibb.co.com/MgMk742/Facial-Cleanser-removebg-preview-min.png",
  "price": 18.99,
  "discount": {
    "discountStatus": true,
    "percentage": 15,
    "discountPrice": 16.14,
    "startDate": "2024-11-01",
    "endDate": "2024-11-15",
    "startTime": "09:00",
    "endTime": "23:59",
    "_id": {
      "$oid": "671f8789ce65ccb69c884d6d"
    }
  },
  "stockStatus": true,
  "category": {
    "$oid": "671dedca1853a24619a9f991"
  },
  "manufacturer": {
    "$oid": "66ced50a72ea9723962dca7a"
  },
  "rating": 0,
  "isDeleted": false,
  "__v": 0
},
{
  "_id": {
    "$oid": "671f8798ce65ccb69c884d75"
  },
  "name": "Day Cream",
  "thumbnail": "https://i.ibb.co.com/WW9Yb02/Day-Cream-removebg-preview-min.png",
  "price": 25.99,
  "discount": {
    "discountStatus": true,
    "percentage": 20,
    "discountPrice": 20.79,
    "startDate": "2024-11-05",
    "endDate": "2024-11-20",
    "startTime": "10:00",
    "endTime": "20:00",
    "_id": {
      "$oid": "671f8798ce65ccb69c884d76"
    }
  },
  "stockStatus": true,
  "category": {
    "$oid": "671dedca1853a24619a9f991"
  },
  "manufacturer": {
    "$oid": "66ced50a72ea9723962dca7a"
  },
  "rating": 0,
  "isDeleted": false,
  "__v": 0
},
{
  "_id": {
    "$oid": "671f87a6ce65ccb69c884d7e"
  },
  "name": "Vitamin Serum",
  "thumbnail": "https://i.ibb.co.com/x8RwJcx/Vitamin-Serum-removebg-preview-min.png",
  "price": 29.5,
  "discount": {
    "discountStatus": true,
    "percentage": 25,
    "discountPrice": 22.13,
    "startDate": "2024-11-10",
    "endDate": "2024-11-30",
    "startTime": "07:00",
    "endTime": "22:00",
    "_id": {
      "$oid": "671f87a6ce65ccb69c884d7f"
    }
  },
  "stockStatus": true,
  "category": {
    "$oid": "671dedca1853a24619a9f991"
  },
  "manufacturer": {
    "$oid": "66ced50a72ea9723962dca7a"
  },
  "rating": 0,
  "isDeleted": false,
  "__v": 0
},
{
  "_id": {
    "$oid": "671f87b3ce65ccb69c884d87"
  },
  "name": "Aloe Gel",
  "thumbnail": "https://i.ibb.co.com/TqWYdR1/Aloe-Gel-removebg-preview-min.png",
  "price": 12,
  "discount": {
    "discountStatus": true,
    "percentage": 10,
    "discountPrice": 10.8,
    "startDate": "2024-11-08",
    "endDate": "2024-11-25",
    "startTime": "08:00",
    "endTime": "21:00",
    "_id": {
      "$oid": "671f87b3ce65ccb69c884d88"
    }
  },
  "stockStatus": true,
  "category": {
    "$oid": "671dedca1853a24619a9f991"
  },
  "manufacturer": {
    "$oid": "66ced50a72ea9723962dca7a"
  },
  "rating": 0,
  "isDeleted": false,
  "__v": 0
},
{
  "_id": {
    "$oid": "671f87c3ce65ccb69c884d90"
  },
  "name": "Face Scrub",
  "thumbnail": "https://i.ibb.co.com/GPp0cnw/new-download-removebg-preview-min.png",
  "price": 15.75,
  "discount": {
    "discountStatus": true,
    "percentage": 0,
    "discountPrice": 0,
    "startDate": "2024-11-01",
    "endDate": "2024-11-30",
    "startTime": "09:00",
    "endTime": "23:00",
    "_id": {
      "$oid": "671f87c3ce65ccb69c884d91"
    }
  },
  "stockStatus": true,
  "category": {
    "$oid": "671dedca1853a24619a9f991"
  },
  "manufacturer": {
    "$oid": "66ced50a72ea9723962dca7a"
  },
  "rating": 0,
  "isDeleted": false,
  "__v": 0
},
{
  "_id": {
    "$oid": "671f87d1ce65ccb69c884d99"
  },
  "name": "Night Cream",
  "thumbnail": "https://i.ibb.co.com/J2247pv/Night-Cream-removebg-preview-min.png",
  "price": 34.99,
  "discount": {
    "discountStatus": true,
    "percentage": 15,
    "discountPrice": 29.74,
    "startDate": "2024-11-12",
    "endDate": "2024-11-28",
    "startTime": "20:00",
    "endTime": "06:00",
    "_id": {
      "$oid": "671f87d1ce65ccb69c884d9a"
    }
  },
  "stockStatus": true,
  "category": {
    "$oid": "671dedca1853a24619a9f991"
  },
  "manufacturer": {
    "$oid": "66ced50a72ea9723962dca7a"
  },
  "rating": 0,
  "isDeleted": false,
  "__v": 0
},
{
  "_id": {
    "$oid": "671fd527842e04c95b0be955"
  },
  "name": "Soothing Face Mask",
  "thumbnail": "https://i.ibb.co.com/L9JczC6/00-Instant-Soothing-Mask-75ml-removebg-preview-min.png",
  "price": 22.99,
  "discount": {
    "discountStatus": true,
    "percentage": 10,
    "discountPrice": 20.69,
    "startDate": "2024-11-03",
    "endDate": "2024-11-15",
    "startTime": "09:00",
    "endTime": "23:59",
    "_id": {
      "$oid": "671fd527842e04c95b0be956"
    }
  },
  "stockStatus": true,
  "category": {
    "$oid": "671dedca1853a24619a9f98a"
  },
  "manufacturer": {
    "$oid": "66ced53672ea9723962dca7e"
  },
  "rating": 0,
  "isDeleted": false,
  "__v": 0
},
{
  "_id": {
    "$oid": "671fd597842e04c95b0be95e"
  },
  "name": "Revitalizing Eye Cream",
  "thumbnail": "https://i.ibb.co.com/D41N6Y2/Refresh-Eyes-MD-13m-L-1024x1024-2x-removebg-preview-min.png",
  "price": 18.5,
  "discount": {
    "discountStatus": true,
    "percentage": 15,
    "discountPrice": 15.72,
    "startDate": "2024-11-06",
    "endDate": "2024-11-20",
    "startTime": "08:00",
    "endTime": "22:00",
    "_id": {
      "$oid": "671fd597842e04c95b0be95f"
    }
  },
  "stockStatus": true,
  "category": {
    "$oid": "671dedca1853a24619a9f98a"
  },
  "manufacturer": {
    "$oid": "66ced53672ea9723962dca7e"
  },
  "rating": 0,
  "isDeleted": false,
  "__v": 0
},
{
  "_id": {
    "$oid": "671fd5bc842e04c95b0be967"
  },
  "name": "Hydrating Body Lotion",
  "thumbnail": "https://i.ibb.co.com/Q9LW0Jw/Hydrating-Body-Lotion-removebg-preview-min.png",
  "price": 14.99,
  "discount": {
    "discountStatus": true,
    "percentage": 10,
    "discountPrice": 13.49,
    "startDate": "2024-11-01",
    "endDate": "2024-11-18",
    "startTime": "09:00",
    "endTime": "21:00",
    "_id": {
      "$oid": "671fd5bc842e04c95b0be968"
    }
  },
  "stockStatus": true,
  "category": {
    "$oid": "671dedca1853a24619a9f98a"
  },
  "manufacturer": {
    "$oid": "66ced53672ea9723962dca7e"
  },
  "rating": 0,
  "isDeleted": false,
  "__v": 0
},
{
  "_id": {
    "$oid": "671fd5d1842e04c95b0be970"
  },
  "name": "Purifying Toner",
  "thumbnail": "https://i.ibb.co.com/yRbBtb7/Purifying-Toner-removebg-preview-min.png",
  "price": 16,
  "discount": {
    "discountStatus": true,
    "percentage": 5,
    "discountPrice": 15.2,
    "startDate": "2024-11-04",
    "endDate": "2024-11-22",
    "startTime": "10:00",
    "endTime": "20:00",
    "_id": {
      "$oid": "671fd5d1842e04c95b0be971"
    }
  },
  "stockStatus": true,
  "category": {
    "$oid": "671dedca1853a24619a9f98a"
  },
  "manufacturer": {
    "$oid": "66ced53672ea9723962dca7e"
  },
  "rating": 0,
  "isDeleted": false,
  "__v": 0
},
{
  "_id": {
    "$oid": "671fd5e2842e04c95b0be979"
  },
  "name": "Anti-Aging Serum",
  "thumbnail": "https://i.ibb.co.com/qCTBG4k/Siodil-Anti-Aging-Serum-removebg-preview-1-min.png",
  "price": 35.99,
  "discount": {
    "discountStatus": true,
    "percentage": 20,
    "discountPrice": 28.79,
    "startDate": "2024-11-10",
    "endDate": "2024-11-30",
    "startTime": "07:00",
    "endTime": "22:00",
    "_id": {
      "$oid": "671fd5e2842e04c95b0be97a"
    }
  },
  "stockStatus": true,
  "category": {
    "$oid": "671dedca1853a24619a9f98a"
  },
  "manufacturer": {
    "$oid": "66ced53672ea9723962dca7e"
  },
  "rating": 0,
  "isDeleted": false,
  "__v": 0
},
{
  "_id": {
    "$oid": "671fd606842e04c95b0be982"
  },
  "name": "Moisturizing Lip Balm",
  "thumbnail": "https://i.ibb.co.com/7GbQXDB/Moisturizing-Lip-Balm-removebg-preview-min.png",
  "price": 8.99,
  "discount": {
    "discountStatus": true,
    "percentage": 15,
    "discountPrice": 7.64,
    "startDate": "2024-11-02",
    "endDate": "2024-11-18",
    "startTime": "09:00",
    "endTime": "21:00",
    "_id": {
      "$oid": "671fd606842e04c95b0be983"
    }
  },
  "stockStatus": true,
  "category": {
    "$oid": "671dedca1853a24619a9f98a"
  },
  "manufacturer": {
    "$oid": "66ced53672ea9723962dca7e"
  },
  "rating": 0,
  "isDeleted": false,
  "__v": 0
},
{
  "_id": {
    "$oid": "671fe00bd17a0bef31f62745"
  },
  "name": "Soothing Aloe Face Mask",
  "thumbnail": "https://i.ibb.co.com/bPwx9Dm/71-TWk-Lkr-FL-SX425-removebg-preview-min.png",
  "price": 24.99,
  "discount": {
    "discountStatus": true,
    "percentage": 10,
    "discountPrice": 22.49,
    "startDate": "2024-11-03",
    "endDate": "2024-11-15",
    "startTime": "09:00",
    "endTime": "23:59",
    "_id": {
      "$oid": "671fe00bd17a0bef31f62746"
    }
  },
  "stockStatus": true,
  "category": {
    "$oid": "671dedca1853a24619a9f98d"
  },
  "manufacturer": {
    "$oid": "66ced53672ea9723962dca7e"
  },
  "rating": 0,
  "isDeleted": false,
  "__v": 0
},
{
  "_id": {
    "$oid": "671fe04fd17a0bef31f62750"
  },
  "name": "Ultra-Hydrating Body Lotion",
  "thumbnail": "https://i.ibb.co.com/MsTLjT5/55-jpg-removebg-preview-min.png",
  "price": 18.49,
  "discount": {
    "discountStatus": true,
    "percentage": 10,
    "discountPrice": 16.64,
    "startDate": "2024-11-01",
    "endDate": "2024-11-18",
    "startTime": "09:00",
    "endTime": "21:00",
    "_id": {
      "$oid": "671fe04fd17a0bef31f62751"
    }
  },
  "stockStatus": true,
  "category": {
    "$oid": "671dedca1853a24619a9f98d"
  },
  "manufacturer": {
    "$oid": "66ced53672ea9723962dca7e"
  },
  "rating": 0,
  "isDeleted": false,
  "__v": 0
},
{
  "_id": {
    "$oid": "671fe083d17a0bef31f6275a"
  },
  "name": "Moisturizing Shea Lip Balm",
  "thumbnail": "https://i.ibb.co.com/LP6S4Gk/01-BL012-K23-removebg-preview-min.png",
  "price": 9.99,
  "discount": {
    "discountStatus": true,
    "percentage": 15,
    "discountPrice": 8.49,
    "startDate": "2024-11-02",
    "endDate": "2024-11-18",
    "startTime": "09:00",
    "endTime": "21:00",
    "_id": {
      "$oid": "671fe083d17a0bef31f6275b"
    }
  },
  "stockStatus": true,
  "category": {
    "$oid": "671dedca1853a24619a9f98d"
  },
  "manufacturer": {
    "$oid": "66ced53672ea9723962dca7e"
  },
  "rating": 0,
  "isDeleted": false,
  "__v": 0
},
{
  "_id": {
    "$oid": "671fe093d17a0bef31f62763"
  },
  "name": "Advanced Anti-Aging Serum",
  "thumbnail": "https://i.ibb.co.com/3Cv3KLq/49-removebg-preview-min.png",
  "price": 49.99,
  "discount": {
    "discountStatus": true,
    "percentage": 20,
    "discountPrice": 39.99,
    "startDate": "2024-11-10",
    "endDate": "2024-11-30",
    "startTime": "07:00",
    "endTime": "22:00",
    "_id": {
      "$oid": "671fe093d17a0bef31f62764"
    }
  },
  "stockStatus": true,
  "category": {
    "$oid": "671dedca1853a24619a9f98d"
  },
  "manufacturer": {
    "$oid": "66ced53672ea9723962dca7e"
  },
  "rating": 0,
  "isDeleted": false,
  "__v": 0
},
{
  "_id": {
    "$oid": "671fe0a3d17a0bef31f6276c"
  },
  "name": "Balancing Purifying Toner",
  "thumbnail": "https://i.ibb.co.com/SXt6Tkr/purifyingcbalancetoner-min.png",
  "price": 17,
  "discount": {
    "discountStatus": true,
    "percentage": 5,
    "discountPrice": 16.15,
    "startDate": "2024-11-04",
    "endDate": "2024-11-22",
    "startTime": "10:00",
    "endTime": "20:00",
    "_id": {
      "$oid": "671fe0a3d17a0bef31f6276d"
    }
  },
  "stockStatus": true,
  "category": {
    "$oid": "671dedca1853a24619a9f98d"
  },
  "manufacturer": {
    "$oid": "66ced53672ea9723962dca7e"
  },
  "rating": 0,
  "isDeleted": false,
  "__v": 0
},
{
  "_id": {
    "$oid": "671fe2e5d17a0bef31f6279e"
  },
  "name": "Soothing Aloe Face Gel",
  "thumbnail": "https://i.ibb.co.com/CBdsttd/61i-YTo5-KSML-SX425-removebg-preview-min-min.png",
  "price": 22.5,
  "discount": {
    "discountStatus": true,
    "percentage": 12,
    "discountPrice": 19.8,
    "startDate": "2024-11-10",
    "endDate": "2024-11-25",
    "startTime": "07:00",
    "endTime": "19:00",
    "_id": {
      "$oid": "671fe2e5d17a0bef31f6279f"
    }
  },
  "stockStatus": true,
  "category": {
    "$oid": "671dedca1853a24619a9f98d"
  },
  "manufacturer": {
    "$oid": "66ced53672ea9723962dca7e"
  },
  "rating": 0,
  "isDeleted": false,
  "__v": 0
},
{
  "_id": {
    "$oid": "671fe2f6d17a0bef31f627a7"
  },
  "name": "Coconut & Vanilla Body Scrub",
  "thumbnail": "https://i.ibb.co.com/FhRXd6P/Coconut-Vanilla-Body-Scrub-removebg-preview-min.png",
  "price": 15.75,
  "discount": {
    "discountStatus": true,
    "percentage": 20,
    "discountPrice": 12.6,
    "startDate": "2024-11-15",
    "endDate": "2024-11-30",
    "startTime": "10:00",
    "endTime": "20:00",
    "_id": {
      "$oid": "671fe2f6d17a0bef31f627a8"
    }
  },
  "stockStatus": true,
  "category": {
    "$oid": "671dedca1853a24619a9f98d"
  },
  "manufacturer": {
    "$oid": "66ced53672ea9723962dca7e"
  },
  "rating": 0,
  "isDeleted": false,
  "__v": 0
},
{
  "_id": {
    "$oid": "6723760711602a119087e597"
  },
  "name": "aaaaaa",
  "thumbnail": "https://i.ibb.co.com/FhRXd6P/Coconut-Vanilla-Body-Scrub-removebg-preview-min.png",
  "price": 15.75,
  "discount": {
    "discountStatus": true,
    "percentage": 20,
    "discountPrice": 12.6,
    "startDate": "2024-11-15",
    "endDate": "2024-11-30",
    "startTime": "10:00",
    "endTime": "20:00",
    "_id": {
      "$oid": "6723760711602a119087e598"
    }
  },
  "stockStatus": true,
  "category": {
    "$oid": "671dedca1853a24619a9f98d"
  },
  "manufacturer": {
    "$oid": "66ced53672ea9723962dca7e"
  },
  "rating": 0,
  "isWishList": false,
  "isDeleted": false,
  "__v": 0
},
{
  "_id": {
    "$oid": "6723768e11602a119087e5a3"
  },
  "name": "raa",
  "thumbnail": "https://i.ibb.co.com/FhRXd6P/Coconut-Vanilla-Body-Scrub-removebg-preview-min.png",
  "price": 15.75,
  "discount": {
    "discountStatus": true,
    "percentage": 20,
    "discountPrice": 12.6,
    "startDate": "2024-11-15",
    "endDate": "2024-11-30",
    "startTime": "10:00",
    "endTime": "20:00",
    "_id": {
      "$oid": "6723768e11602a119087e5a4"
    }
  },
  "stockStatus": true,
  "category": {
    "$oid": "671dedca1853a24619a9f98d"
  },
  "manufacturer": {
    "$oid": "66ced53672ea9723962dca7e"
  },
  "rating": 0,
  "isWishList": false,
  "isDeleted": false,
  "__v": 0
},
{
  "_id": {
    "$oid": "672ca1d88c7c6637329ac364"
  },
  "name": "raaaaa",
  "thumbnail": "https://i.ibb.co.com/FhRXd6P/Coconut-Vanilla-Body-Scrub-removebg-preview-min.png",
  "price": 15.75,
  "discount": {
    "discountStatus": true,
    "percentage": 20,
    "discountPrice": 12.6,
    "startDate": "2024-11-15",
    "endDate": "2024-11-30",
    "startTime": "10:00",
    "endTime": "20:00",
    "_id": {
      "$oid": "672ca1d88c7c6637329ac365"
    }
  },
  "stockStatus": true,
  "category": {
    "$oid": "671dedca1853a24619a9f98d"
  },
  "manufacturer": {
    "$oid": "66ced53672ea9723962dca7e"
  },
  "rating": 0,
  "isWishList": false,
  "isDeleted": false,
  "__v": 0
},
{
  "_id": {
    "$oid": "672ca336d40214c03e1659e3"
  },
  "name": "raaaaaaa",
  "thumbnail": "https://i.ibb.co.com/FhRXd6P/Coconut-Vanilla-Body-Scrub-removebg-preview-min.png",
  "price": 15.75,
  "discount": {
    "discountStatus": true,
    "percentage": 20,
    "discountPrice": 12.6,
    "startDate": "2024-11-15",
    "endDate": "2024-11-30",
    "startTime": "10:00",
    "endTime": "20:00",
    "_id": {
      "$oid": "672ca336d40214c03e1659e4"
    }
  },
  "stockStatus": true,
  "category": {
    "$oid": "671dedca1853a24619a9f98d"
  },
  "manufacturer": {
    "$oid": "66ced53672ea9723962dca7e"
  },
  "rating": 0,
  "isWishList": false,
  "isDeleted": false,
  "__v": 0
},
{
  "_id": {
    "$oid": "672ca37aa38a6dfc2c302fd4"
  },
  "name": "raaaaaaaaaaa",
  "thumbnail": "https://i.ibb.co.com/FhRXd6P/Coconut-Vanilla-Body-Scrub-removebg-preview-min.png",
  "price": 15.75,
  "discount": {
    "discountStatus": true,
    "percentage": 20,
    "discountPrice": 12.6,
    "startDate": "2024-11-15",
    "endDate": "2024-11-30",
    "startTime": "10:00",
    "endTime": "20:00",
    "_id": {
      "$oid": "672ca37aa38a6dfc2c302fd5"
    }
  },
  "stockStatus": true,
  "category": {
    "$oid": "671dedca1853a24619a9f98d"
  },
  "manufacturer": {
    "$oid": "66ced53672ea9723962dca7e"
  },
  "rating": 0,
  "isWishList": false,
  "isDeleted": false,
  "__v": 0
},
{
  "_id": {
    "$oid": "672ca3bca38a6dfc2c302fe3"
  },
  "name": "socket emiting",
  "thumbnail": "https://i.ibb.co.com/FhRXd6P/Coconut-Vanilla-Body-Scrub-removebg-preview-min.png",
  "price": 15.75,
  "discount": {
    "discountStatus": true,
    "percentage": 20,
    "discountPrice": 12.6,
    "startDate": "2024-11-15",
    "endDate": "2024-11-30",
    "startTime": "10:00",
    "endTime": "20:00",
    "_id": {
      "$oid": "672ca3bca38a6dfc2c302fe4"
    }
  },
  "stockStatus": true,
  "category": {
    "$oid": "671dedca1853a24619a9f98d"
  },
  "manufacturer": {
    "$oid": "66ced53672ea9723962dca7e"
  },
  "rating": 0,
  "isWishList": false,
  "isDeleted": false,
  "__v": 0
},
{
  "_id": {
    "$oid": "672ca46aa38a6dfc2c303038"
  },
  "name": "socket emiting 2",
  "thumbnail": "https://i.ibb.co.com/FhRXd6P/Coconut-Vanilla-Body-Scrub-removebg-preview-min.png",
  "price": 15.75,
  "discount": {
    "discountStatus": true,
    "percentage": 20,
    "discountPrice": 12.6,
    "startDate": "2024-11-15",
    "endDate": "2024-11-30",
    "startTime": "10:00",
    "endTime": "20:00",
    "_id": {
      "$oid": "672ca46aa38a6dfc2c303039"
    }
  },
  "stockStatus": true,
  "category": {
    "$oid": "671dedca1853a24619a9f98d"
  },
  "manufacturer": {
    "$oid": "66ced53672ea9723962dca7e"
  },
  "rating": 0,
  "isWishList": false,
  "isDeleted": false,
  "__v": 0
},
{
  "_id": {
    "$oid": "67b9a49891ff7322ede6e03e"
  },
  "name": "1111",
  "thumbnail": "https://i.ibb.co.com/qFnKwvQg/Screenshot-from-2024-11-27-21-09-46.png",
  "price": 1111,
  "stockStatus": true,
  "category": {
    "$oid": "671dedca1853a24619a9f98a"
  },
  "manufacturer": {
    "$oid": "66ced52272ea9723962dca7c"
  },
  "rating": 0,
  "isWishList": false,
  "isDeleted": false,
  "__v": 0
},
{
  "_id": {
    "$oid": "67b9a57dc02255ff254c28dd"
  },
  "name": "11111",
  "thumbnail": "https://i.ibb.co/TMKjf30z/Screenshot-from-2024-11-27-21-09-46.png",
  "price": 11111,
  "stockStatus": true,
  "category": {
    "$oid": "671dedca1853a24619a9f98f"
  },
  "manufacturer": {
    "$oid": "66ced50a72ea9723962dca7a"
  },
  "rating": 0,
  "isWishList": false,
  "isDeleted": false,
  "__v": 0
},
{
  "_id": {
    "$oid": "67b9be9a03327bc87442afe5"
  },
  "name": "product",
  "thumbnail": "https://i.ibb.co.com/8FRRJyz/Screenshot-from-2024-11-27-21-09-46.png",
  "price": 111111,
  "stockStatus": true,
  "category": {
    "$oid": "671dedca1853a24619a9f98a"
  },
  "manufacturer": {
    "$oid": "66ced54a72ea9723962dca80"
  },
  "rating": 0,
  "isWishList": false,
  "isDeleted": true,
  "__v": 0
},
{
  "_id": {
    "$oid": "67b9bf5603327bc87442afed"
  },
  "name": "new product ",
  "thumbnail": "https://i.ibb.co.com/8FRRJyz/Screenshot-from-2024-11-27-21-09-46.png",
  "price": 11111,
  "stockStatus": true,
  "category": {
    "$oid": "671dedca1853a24619a9f98c"
  },
  "manufacturer": {
    "$oid": "66ced62772ea9723962dca84"
  },
  "rating": 0,
  "isWishList": false,
  "isDeleted": true,
  "__v": 0
},
{
  "_id": {
    "$oid": "67b9c39403327bc87442b006"
  },
  "name": "test product",
  "thumbnail": "https://i.ibb.co.com/Cs1Yms9c/Screenshot-from-2024-11-27-21-09-46.png",
  "price": 11111,
  "discount": {
    "discountStatus": true,
    "percentage": 1,
    "discountPrice": 10999.89,
    "startDate": "2025-02-21T18:00:00.000Z",
    "endDate": "2025-02-21T18:00:00.000Z",
    "startTime": "2025-02-22T06:00:00.000Z",
    "endTime": "2025-02-22T06:00:00.000Z",
    "_id": {
      "$oid": "67b9c39403327bc87442b007"
    }
  },
  "stockStatus": true,
  "category": {
    "$oid": "671dedca1853a24619a9f98b"
  },
  "manufacturer": {
    "$oid": "66ced52272ea9723962dca7c"
  },
  "rating": 0,
  "isWishList": false,
  "isDeleted": true,
  "__v": 0
},
{
  "_id": {
    "$oid": "67b9c4ba03327bc87442b032"
  },
  "name": "product for tests",
  "thumbnail": "https://i.ibb.co.com/Cs1Yms9c/Screenshot-from-2024-11-27-21-09-46.png",
  "price": 1111,
  "stockStatus": true,
  "category": {
    "$oid": "671dedca1853a24619a9f98b"
  },
  "manufacturer": {
    "$oid": "66ced6b172ea9723962dca88"
  },
  "rating": 0,
  "isWishList": false,
  "isDeleted": true,
  "__v": 0
},
{
  "_id": {
    "$oid": "67c47b9e8e9613ce33ffc83c"
  },
  "name": "ffffffffff",
  "thumbnail": "https://i.ibb.co.com/cSvjHbtY/Screenshot-from-2024-11-27-21-09-46.png",
  "price": 1111111,
  "discount": {
    "discountStatus": true,
    "percentage": 1,
    "discountPrice": 1099999.89,
    "startDate": "2025-03-01T18:00:00.000Z",
    "endDate": "2025-03-01T18:00:00.000Z",
    "startTime": "2025-03-01T18:00:00.000Z",
    "endTime": "2025-03-01T18:00:00.000Z",
    "_id": {
      "$oid": "67c47b9e8e9613ce33ffc83d"
    }
  },
  "stockStatus": true,
  "category": {
    "$oid": "671dedca1853a24619a9f989"
  },
  "manufacturer": {
    "$oid": "66ced54a72ea9723962dca80"
  },
  "rating": 0,
  "isWishList": false,
  "isDeleted": true,
  "__v": 0
},
{
  "_id": {
    "$oid": "67dbe0857d6fa5c2fc09f830"
  },
  "name": "new product added",
  "thumbnail": "https://i.ibb.co.com/FkwnRLyJ/istockphoto-1170902285-612x612.jpg",
  "price": 1234,
  "stockStatus": true,
  "category": {
    "$oid": "671dedca1853a24619a9f98a"
  },
  "manufacturer": {
    "$oid": "66ced52272ea9723962dca7c"
  },
  "rating": 0,
  "isWishList": false,
  "isDeleted": true,
  "__v": 0
},
{
  "_id": {
    "$oid": "67dbe1277d6fa5c2fc09f849"
  },
  "name": "product mart",
  "thumbnail": "https://i.ibb.co.com/239MnKJQ/Screenshot-from-2025-03-19-17-16-26.png",
  "price": 11111,
  "stockStatus": true,
  "category": {
    "$oid": "671dedca1853a24619a9f989"
  },
  "manufacturer": {
    "$oid": "66ced52272ea9723962dca7c"
  },
  "rating": 0,
  "isWishList": false,
  "isDeleted": true,
  "__v": 0
},
{
  "_id": {
    "$oid": "67e2ac7bf4bf85e86bec93cf"
  },
  "name": "data",
  "thumbnail": "https://i.ibb.co.com/G3vDtJf3/Screenshot-from-2025-03-19-17-17-43.png",
  "price": 11111,
  "discount": {
    "discountStatus": true,
    "percentage": 1,
    "discountPrice": 10999.89,
    "startDate": "2025-03-24T18:00:00.000Z",
    "endDate": "2025-03-24T18:00:00.000Z",
    "startTime": "00:00",
    "endTime": "00:00",
    "_id": {
      "$oid": "67e2ac7bf4bf85e86bec93d0"
    }
  },
  "stockStatus": true,
  "category": {
    "$oid": "671dedca1853a24619a9f98d"
  },
  "manufacturer": {
    "$oid": "66ced52272ea9723962dca7c"
  },
  "rating": 0,
  "isWishList": false,
  "isDeleted": true,
  "__v": 0
},
{
  "_id": {
    "$oid": "67e8fcabeefba3d6c5e8a879"
  },
  "name": "this is new product",
  "thumbnail": "https://i.ibb.co.com/84nvFqhJ/Screenshot-from-2025-03-28-11-43-43.png",
  "price": 1111,
  "stockStatus": true,
  "category": {
    "$oid": "671dedca1853a24619a9f98d"
  },
  "manufacturer": {
    "$oid": "66ced62772ea9723962dca84"
  },
  "rating": 0,
  "isWishList": false,
  "isDeleted": true,
  "__v": 0
},
{
  "_id": {
    "$oid": "67e8fd37eefba3d6c5e8a8b5"
  },
  "name": "ffffffffffffffffffff",
  "thumbnail": "https://i.ibb.co.com/B2Pm2tbT/Screenshot-from-2025-03-19-17-16-26.png",
  "price": 11111,
  "stockStatus": true,
  "category": {
    "$oid": "671dedca1853a24619a9f990"
  },
  "manufacturer": {
    "$oid": "66ced54a72ea9723962dca80"
  },
  "rating": 0,
  "isWishList": false,
  "isDeleted": true,
  "__v": 0
},
{
  "_id": {
    "$oid": "67e8fdcdeefba3d6c5e8a8ec"
  },
  "name": "this is new productthis is new product",
  "thumbnail": "https://i.ibb.co.com/4RrHjqkB/istockphoto-1170902285-612x612.jpg",
  "price": 11111,
  "discount": {
    "discountStatus": true,
    "percentage": 11,
    "discountPrice": 9888.79,
    "startDate": "2025-03-29T18:00:00.000Z",
    "endDate": "2025-03-29T18:00:00.000Z",
    "startTime": "00:00",
    "endTime": "00:00",
    "_id": {
      "$oid": "67e8fdcdeefba3d6c5e8a8ed"
    }
  },
  "stockStatus": true,
  "category": {
    "$oid": "671dedca1853a24619a9f98c"
  },
  "manufacturer": {
    "$oid": "66ced62772ea9723962dca84"
  },
  "rating": 0,
  "isWishList": false,
  "isDeleted": true,
  "__v": 0
},
{
  "_id": {
    "$oid": "67e8fe3beefba3d6c5e8a906"
  },
  "name": "gaadfwsetgwgfwef",
  "thumbnail": "https://i.ibb.co.com/wZpvvjmL/Screenshot-from-2024-11-27-21-09-46.png",
  "price": 11111,
  "stockStatus": true,
  "category": {
    "$oid": "671dedca1853a24619a9f98d"
  },
  "manufacturer": {
    "$oid": "66ced52272ea9723962dca7c"
  },
  "rating": 0,
  "isWishList": false,
  "isDeleted": true,
  "__v": 0
},
{
  "_id": {
    "$oid": "67e90541e00060303dc43589"
  },
  "name": "iam updating product",
  "thumbnail": "https://i.ibb.co.com/xKFHPvzF/Screenshot-from-2025-03-28-11-43-43.png",
  "price": 11111,
  "stockStatus": true,
  "category": {
    "$oid": "671dedca1853a24619a9f98e"
  },
  "manufacturer": {
    "$oid": "66ced54a72ea9723962dca80"
  },
  "rating": 0,
  "isWishList": false,
  "isDeleted": true,
  "__v": 0,
  "discount": {
    "discountStatus": true,
    "percentage": 11,
    "discountPrice": 9888.79,
    "startDate": "2025-03-29T18:00:00.000Z",
    "endDate": "2025-03-29T18:00:00.000Z",
    "startTime": "00:00",
    "endTime": "00:00",
    "_id": {
      "$oid": "67e90a5731a7ca42d4f917e3"
    }
  }
},
{
  "_id": {
    "$oid": "67e9065ee00060303dc435be"
  },
  "name": "kakfaksdfiowqlfdslklkfsad",
  "thumbnail": "https://i.ibb.co.com/nNrQqTRn/Screenshot-from-2025-03-19-17-16-26.png",
  "price": 111111,
  "stockStatus": true,
  "category": {
    "$oid": "671dedca1853a24619a9f98c"
  },
  "manufacturer": {
    "$oid": "66ced53672ea9723962dca7e"
  },
  "rating": 0,
  "isWishList": false,
  "isDeleted": true,
  "__v": 0
},
{
  "_id": {
    "$oid": "67e90930e00060303dc4466e"
  },
  "name": "ffafadfasdfafasdfafadef",
  "thumbnail": "https://i.ibb.co.com/B2Pm2tbT/Screenshot-from-2025-03-19-17-16-26.png",
  "price": 11111,
  "stockStatus": true,
  "category": {
    "$oid": "671dedca1853a24619a9f98e"
  },
  "manufacturer": {
    "$oid": "66ced53672ea9723962dca7e"
  },
  "rating": 0,
  "isWishList": false,
  "isDeleted": true,
  "__v": 0
},
{
  "_id": {
    "$oid": "6839a31a249efd77c51a170a"
  },
  "name": "edited product",
  "thumbnail": "https://i.ibb.co/PzVt2N3P/e-commerce.png",
  "price": 1111,
  "discount": {
    "discountStatus": true,
    "percentage": 10,
    "discountPrice": 999.9,
    "startDate": "2025-05-29T18:00:00.000Z",
    "endDate": "2025-05-29T18:00:00.000Z",
    "startTime": "00:00",
    "endTime": "00:00",
    "_id": {
      "$oid": "6839dd2f37638ba895a1d710"
    }
  },
  "stockStatus": true,
  "category": {
    "$oid": "671dedca1853a24619a9f990"
  },
  "manufacturer": {
    "$oid": "66ced50a72ea9723962dca7a"
  },
  "rating": 0,
  "isWishList": false,
  "isDeleted": true,
  "__v": 0
},
{
  "_id": {
    "$oid": "6839d1f9937732b8a88ad9e6"
  },
  "name": "adfladf",
  "thumbnail": "https://i.ibb.co/ZpgjhYzn/e-commerce.png",
  "price": 10,
  "discount": {
    "discountStatus": true,
    "percentage": 10,
    "discountPrice": 9,
    "startDate": "2025-05-29T18:00:00.000Z",
    "endDate": "2025-05-29T18:00:00.000Z",
    "startTime": "00:00",
    "endTime": "00:00",
    "_id": {
      "$oid": "6839d1f9937732b8a88ad9e7"
    }
  },
  "stockStatus": true,
  "category": {
    "$oid": "671dedca1853a24619a9f991"
  },
  "manufacturer": {
    "$oid": "66ced52272ea9723962dca7c"
  },
  "rating": 0,
  "isWishList": false,
  "isDeleted": true,
  "__v": 0
}]